
Microsoft Visual Studio Solution File, Format Version 12.00
# Visual Studio Version 16
VisualStudioVersion = 16.0.30717.126
MinimumVisualStudioVersion = 10.0.40219.1
Project("{FAE04EC0-301F-11D3-BF4B-00C04F79EFBC}") = "WeBuy", "WeBuy\WeBuy.csproj", "{3F84D899-BD55-4598-BC00-F23A6E852C6C}"
EndProject
Project("{FAE04EC0-301F-11D3-BF4B-00C04F79EFBC}") = "WeBuy.Model", "WeBuyModel\WeBuy.Model.csproj", "{9C4C9766-9BE9-490A-95C3-6A8F20A2690A}"
EndProject
Project("{FAE04EC0-301F-11D3-BF4B-00C04F79EFBC}") = "WeBuy.IService", "WeBuy.IService\WeBuy.IService.csproj", "{51BE898A-C43F-439E-A88F-512088AF414D}"
EndProject
Project("{FAE04EC0-301F-11D3-BF4B-00C04F79EFBC}") = "WeBuy.Service", "WeBuy.Service\WeBuy.Service.csproj", "{7E1B1F61-D68D-4C98-A3F2-4A74821C28C0}"
EndProject
Project("{FAE04EC0-301F-11D3-BF4B-00C04F79EFBC}") = "WeBuy.Common", "WeBuy.Common\WeBuy.Common.csproj", "{CFAFE9A5-AF02-4EF0-8093-248D3180A82F}"
EndProject
Global
	GlobalSection(SolutionConfigurationPlatforms) = preSolution
		Debug|Any CPU = Debug|Any CPU
		Release|Any CPU = Release|Any CPU
	EndGlobalSection
	GlobalSection(ProjectConfigurationPlatforms) = postSolution
		{3F84D899-BD55-4598-BC00-F23A6E852C6C}.Debug|Any CPU.ActiveCfg = Debug|Any CPU
		{3F84D899-BD55-4598-BC00-F23A6E852C6C}.Debug|Any CPU.Build.0 = Debug|Any CPU
		{3F84D899-BD55-4598-BC00-F23A6E852C6C}.Release|Any CPU.ActiveCfg = Release|Any CPU
		{3F84D899-BD55-4598-BC00-F23A6E852C6C}.Release|Any CPU.Build.0 = Release|Any CPU
		{9C4C9766-9BE9-490A-95C3-6A8F20A2690A}.Debug|Any CPU.ActiveCfg = Debug|Any CPU
		{9C4C9766-9BE9-490A-95C3-6A8F20A2690A}.Debug|Any CPU.Build.0 = Debug|Any CPU
		{9C4C9766-9BE9-490A-95C3-6A8F20A2690A}.Release|Any CPU.ActiveCfg = Release|Any CPU
		{9C4C9766-9BE9-490A-95C3-6A8F20A2690A}.Release|Any CPU.Build.0 = Release|Any CPU
		{51BE898A-C43F-439E-A88F-512088AF414D}.Debug|Any CPU.ActiveCfg = Debug|Any CPU
		{51BE898A-C43F-439E-A88F-512088AF414D}.Debug|Any CPU.Build.0 = Debug|Any CPU
		{51BE898A-C43F-439E-A88F-512088AF414D}.Release|Any CPU.ActiveCfg = Release|Any CPU
		{51BE898A-C43F-439E-A88F-512088AF414D}.Release|Any CPU.Build.0 = Release|Any CPU
		{7E1B1F61-D68D-4C98-A3F2-4A74821C28C0}.Debug|Any CPU.ActiveCfg = Debug|Any CPU
		{7E1B1F61-D68D-4C98-A3F2-4A74821C28C0}.Debug|Any CPU.Build.0 = Debug|Any CPU
		{7E1B1F61-D68D-4C98-A3F2-4A74821C28C0}.Release|Any CPU.ActiveCfg = Release|Any CPU
		{7E1B1F61-D68D-4C98-A3F2-4A74821C28C0}.Release|Any CPU.Build.0 = Release|Any CPU
		{CFAFE9A5-AF02-4EF0-8093-248D3180A82F}.Debug|Any CPU.ActiveCfg = Debug|Any CPU
		{CFAFE9A5-AF02-4EF0-8093-248D3180A82F}.Debug|Any CPU.Build.0 = Debug|Any CPU
		{CFAFE9A5-AF02-4EF0-8093-248D3180A82F}.Release|Any CPU.ActiveCfg = Release|Any CPU
		{CFAFE9A5-AF02-4EF0-8093-248D3180A82F}.Release|Any CPU.Build.0 = Release|Any CPU
	EndGlobalSection
	GlobalSection(SolutionProperties) = preSolution
		HideSolutionNode = FALSE
	EndGlobalSection
	GlobalSection(ExtensibilityGlobals) = postSolution
		SolutionGuid = {6C7F7CF6-65D6-4B19-8865-B910F14197F3}
	EndGlobalSection
EndGlobal
